// !$*UTF8*$!
{
	archiveVersion = 1;
	classes = {
	};
	objectVersion = 56;
	objects = {

/* Begin PBXBuildFile section */
		D2C8421F1580B25D97CA9E7B /* Pods_Logging.framework in Frameworks */ = {isa = PBXBuildFile; fileRef = 2C6B2A99A72D6C67EA65D49A /* Pods_Logging.framework */; };
		DC0577E029A61F00004495F8 /* EmptyLogTableViewCell.swift in Sources */ = {isa = PBXBuildFile; fileRef = DC0577DF29A61F00004495F8 /* EmptyLogTableViewCell.swift */; };
		DC180AEA2986526A00B72E5F /* LogTableViewHeaderView.swift in Sources */ = {isa = PBXBuildFile; fileRef = DC180AE92986526A00B72E5F /* LogTableViewHeaderView.swift */; };
		DC24AF2E29813E8E009FF94F /* AppDelegate.swift in Sources */ = {isa = PBXBuildFile; fileRef = DC24AF2D29813E8E009FF94F /* AppDelegate.swift */; };
		DC24AF3029813E8E009FF94F /* SceneDelegate.swift in Sources */ = {isa = PBXBuildFile; fileRef = DC24AF2F29813E8E009FF94F /* SceneDelegate.swift */; };
		DC24AF3229813E8E009FF94F /* HomeViewController.swift in Sources */ = {isa = PBXBuildFile; fileRef = DC24AF3129813E8E009FF94F /* HomeViewController.swift */; };
		DC24AF3729813E8F009FF94F /* Assets.xcassets in Resources */ = {isa = PBXBuildFile; fileRef = DC24AF3629813E8F009FF94F /* Assets.xcassets */; };
		DC24AF452981400E009FF94F /* Content.swift in Sources */ = {isa = PBXBuildFile; fileRef = DC24AF442981400E009FF94F /* Content.swift */; };
		DC24AF47298258DA009FF94F /* LogTableViewCell.swift in Sources */ = {isa = PBXBuildFile; fileRef = DC24AF46298258DA009FF94F /* LogTableViewCell.swift */; };
		DC3076602990CD3A00AC61C4 /* Constants.swift in Sources */ = {isa = PBXBuildFile; fileRef = DC30765F2990CD3A00AC61C4 /* Constants.swift */; };
		DC639DBE299A344500310C76 /* ContentEditorExtension.swift in Sources */ = {isa = PBXBuildFile; fileRef = DC639DBD299A344500310C76 /* ContentEditorExtension.swift */; };
		DC639DC0299A352300310C76 /* HomeViewExtension.swift in Sources */ = {isa = PBXBuildFile; fileRef = DC639DBF299A352300310C76 /* HomeViewExtension.swift */; };
		DC639DC2299A37AC00310C76 /* ModifyContentViewController.swift in Sources */ = {isa = PBXBuildFile; fileRef = DC639DC1299A37AC00310C76 /* ModifyContentViewController.swift */; };
		DCA9018929901E0E00B01E26 /* ContentEditor.swift in Sources */ = {isa = PBXBuildFile; fileRef = DCA9018829901E0E00B01E26 /* ContentEditor.swift */; };
		DCA9018B2990212500B01E26 /* WriteContentViewController.swift in Sources */ = {isa = PBXBuildFile; fileRef = DCA9018A2990212500B01E26 /* WriteContentViewController.swift */; };
		DCB7C410299E23F8003201C8 /* ContentDataService.swift in Sources */ = {isa = PBXBuildFile; fileRef = DCB7C40F299E23F8003201C8 /* ContentDataService.swift */; };
		DCDF3CE429A3687A0021D93B /* NetworkResult.swift in Sources */ = {isa = PBXBuildFile; fileRef = DCDF3CE329A3687A0021D93B /* NetworkResult.swift */; };
/* End PBXBuildFile section */

/* Begin PBXFileReference section */
		2C6B2A99A72D6C67EA65D49A /* Pods_Logging.framework */ = {isa = PBXFileReference; explicitFileType = wrapper.framework; includeInIndex = 0; path = Pods_Logging.framework; sourceTree = BUILT_PRODUCTS_DIR; };
		774DCEDE236994ADAD36A2A1 /* Pods-Logging.debug.xcconfig */ = {isa = PBXFileReference; includeInIndex = 1; lastKnownFileType = text.xcconfig; name = "Pods-Logging.debug.xcconfig"; path = "Target Support Files/Pods-Logging/Pods-Logging.debug.xcconfig"; sourceTree = "<group>"; };
		DC0577DF29A61F00004495F8 /* EmptyLogTableViewCell.swift */ = {isa = PBXFileReference; lastKnownFileType = sourcecode.swift; path = EmptyLogTableViewCell.swift; sourceTree = "<group>"; };
		DC180AE92986526A00B72E5F /* LogTableViewHeaderView.swift */ = {isa = PBXFileReference; lastKnownFileType = sourcecode.swift; path = LogTableViewHeaderView.swift; sourceTree = "<group>"; };
		DC24AF2A29813E8E009FF94F /* Logging.app */ = {isa = PBXFileReference; explicitFileType = wrapper.application; includeInIndex = 0; path = Logging.app; sourceTree = BUILT_PRODUCTS_DIR; };
		DC24AF2D29813E8E009FF94F /* AppDelegate.swift */ = {isa = PBXFileReference; lastKnownFileType = sourcecode.swift; path = AppDelegate.swift; sourceTree = "<group>"; };
		DC24AF2F29813E8E009FF94F /* SceneDelegate.swift */ = {isa = PBXFileReference; lastKnownFileType = sourcecode.swift; path = SceneDelegate.swift; sourceTree = "<group>"; };
		DC24AF3129813E8E009FF94F /* HomeViewController.swift */ = {isa = PBXFileReference; lastKnownFileType = sourcecode.swift; path = HomeViewController.swift; sourceTree = "<group>"; };
		DC24AF3629813E8F009FF94F /* Assets.xcassets */ = {isa = PBXFileReference; lastKnownFileType = folder.assetcatalog; path = Assets.xcassets; sourceTree = "<group>"; };
		DC24AF3B29813E8F009FF94F /* Info.plist */ = {isa = PBXFileReference; lastKnownFileType = text.plist.xml; path = Info.plist; sourceTree = "<group>"; };
		DC24AF442981400E009FF94F /* Content.swift */ = {isa = PBXFileReference; lastKnownFileType = sourcecode.swift; path = Content.swift; sourceTree = "<group>"; };
		DC24AF46298258DA009FF94F /* LogTableViewCell.swift */ = {isa = PBXFileReference; lastKnownFileType = sourcecode.swift; path = LogTableViewCell.swift; sourceTree = "<group>"; };
		DC30765F2990CD3A00AC61C4 /* Constants.swift */ = {isa = PBXFileReference; lastKnownFileType = sourcecode.swift; path = Constants.swift; sourceTree = "<group>"; };
		DC639DBD299A344500310C76 /* ContentEditorExtension.swift */ = {isa = PBXFileReference; lastKnownFileType = sourcecode.swift; path = ContentEditorExtension.swift; sourceTree = "<group>"; };
		DC639DBF299A352300310C76 /* HomeViewExtension.swift */ = {isa = PBXFileReference; lastKnownFileType = sourcecode.swift; path = HomeViewExtension.swift; sourceTree = "<group>"; };
		DC639DC1299A37AC00310C76 /* ModifyContentViewController.swift */ = {isa = PBXFileReference; lastKnownFileType = sourcecode.swift; path = ModifyContentViewController.swift; sourceTree = "<group>"; };
		DCA9018829901E0E00B01E26 /* ContentEditor.swift */ = {isa = PBXFileReference; lastKnownFileType = sourcecode.swift; path = ContentEditor.swift; sourceTree = "<group>"; };
		DCA9018A2990212500B01E26 /* WriteContentViewController.swift */ = {isa = PBXFileReference; lastKnownFileType = sourcecode.swift; path = WriteContentViewController.swift; sourceTree = "<group>"; };
		DCB7C40F299E23F8003201C8 /* ContentDataService.swift */ = {isa = PBXFileReference; lastKnownFileType = sourcecode.swift; path = ContentDataService.swift; sourceTree = "<group>"; };
		DCDF3CE329A3687A0021D93B /* NetworkResult.swift */ = {isa = PBXFileReference; lastKnownFileType = sourcecode.swift; path = NetworkResult.swift; sourceTree = "<group>"; };
		EF616E92B062D2F5718B2C99 /* Pods-Logging.release.xcconfig */ = {isa = PBXFileReference; includeInIndex = 1; lastKnownFileType = text.xcconfig; name = "Pods-Logging.release.xcconfig"; path = "Target Support Files/Pods-Logging/Pods-Logging.release.xcconfig"; sourceTree = "<group>"; };
/* End PBXFileReference section */

/* Begin PBXFrameworksBuildPhase section */
		DC24AF2729813E8E009FF94F /* Frameworks */ = {
			isa = PBXFrameworksBuildPhase;
			buildActionMask = 2147483647;
			files = (
				D2C8421F1580B25D97CA9E7B /* Pods_Logging.framework in Frameworks */,
			);
			runOnlyForDeploymentPostprocessing = 0;
		};
/* End PBXFrameworksBuildPhase section */

/* Begin PBXGroup section */
		4891A9B048203F821BC39458 /* Frameworks */ = {
			isa = PBXGroup;
			children = (
				2C6B2A99A72D6C67EA65D49A /* Pods_Logging.framework */,
			);
			name = Frameworks;
			sourceTree = "<group>";
		};
		BB40A49B18793EBD1F40D868 /* Pods */ = {
			isa = PBXGroup;
			children = (
				774DCEDE236994ADAD36A2A1 /* Pods-Logging.debug.xcconfig */,
				EF616E92B062D2F5718B2C99 /* Pods-Logging.release.xcconfig */,
			);
			path = Pods;
			sourceTree = "<group>";
		};
		DC24AF2129813E8E009FF94F = {
			isa = PBXGroup;
			children = (
				DC24AF2C29813E8E009FF94F /* Logging */,
				DC24AF2B29813E8E009FF94F /* Products */,
				BB40A49B18793EBD1F40D868 /* Pods */,
				4891A9B048203F821BC39458 /* Frameworks */,
			);
			sourceTree = "<group>";
		};
		DC24AF2B29813E8E009FF94F /* Products */ = {
			isa = PBXGroup;
			children = (
				DC24AF2A29813E8E009FF94F /* Logging.app */,
			);
			name = Products;
			sourceTree = "<group>";
		};
		DC24AF2C29813E8E009FF94F /* Logging */ = {
			isa = PBXGroup;
			children = (
				DCB7C40E299E23CF003201C8 /* API */,
				DC30765E2990CD1C00AC61C4 /* Utils */,
				DC786C4A298AAC4D000E68D2 /* Controller */,
				DC24AF4229813F8F009FF94F /* View */,
				DC24AF4129813F87009FF94F /* Model */,
				DC24AF2D29813E8E009FF94F /* AppDelegate.swift */,
				DC24AF2F29813E8E009FF94F /* SceneDelegate.swift */,
				DC24AF3629813E8F009FF94F /* Assets.xcassets */,
				DC24AF3B29813E8F009FF94F /* Info.plist */,
			);
			path = Logging;
			sourceTree = "<group>";
		};
		DC24AF4129813F87009FF94F /* Model */ = {
			isa = PBXGroup;
			children = (
				DC24AF442981400E009FF94F /* Content.swift */,
			);
			path = Model;
			sourceTree = "<group>";
		};
		DC24AF4229813F8F009FF94F /* View */ = {
			isa = PBXGroup;
			children = (
				DC24AF46298258DA009FF94F /* LogTableViewCell.swift */,
				DC180AE92986526A00B72E5F /* LogTableViewHeaderView.swift */,
				DCA9018829901E0E00B01E26 /* ContentEditor.swift */,
				DC0577DF29A61F00004495F8 /* EmptyLogTableViewCell.swift */,
			);
			path = View;
			sourceTree = "<group>";
		};
		DC30765E2990CD1C00AC61C4 /* Utils */ = {
			isa = PBXGroup;
			children = (
				DC30765F2990CD3A00AC61C4 /* Constants.swift */,
				DC639DBD299A344500310C76 /* ContentEditorExtension.swift */,
				DC639DBF299A352300310C76 /* HomeViewExtension.swift */,
			);
			path = Utils;
			sourceTree = "<group>";
		};
		DC786C4A298AAC4D000E68D2 /* Controller */ = {
			isa = PBXGroup;
			children = (
				DC24AF3129813E8E009FF94F /* HomeViewController.swift */,
				DCA9018A2990212500B01E26 /* WriteContentViewController.swift */,
				DC639DC1299A37AC00310C76 /* ModifyContentViewController.swift */,
			);
			path = Controller;
			sourceTree = "<group>";
		};
		DCB7C40E299E23CF003201C8 /* API */ = {
			isa = PBXGroup;
			children = (
				DCB7C40F299E23F8003201C8 /* ContentDataService.swift */,
				DCDF3CE329A3687A0021D93B /* NetworkResult.swift */,
			);
			path = API;
			sourceTree = "<group>";
		};
/* End PBXGroup section */

/* Begin PBXNativeTarget section */
		DC24AF2929813E8E009FF94F /* Logging */ = {
			isa = PBXNativeTarget;
			buildConfigurationList = DC24AF3E29813E8F009FF94F /* Build configuration list for PBXNativeTarget "Logging" */;
			buildPhases = (
				2E93CF6521933A182284431A /* [CP] Check Pods Manifest.lock */,
				DC24AF2629813E8E009FF94F /* Sources */,
				DC24AF2729813E8E009FF94F /* Frameworks */,
				DC24AF2829813E8E009FF94F /* Resources */,
				CF3D58A4530C704819A9AA39 /* [CP] Embed Pods Frameworks */,
			);
			buildRules = (
			);
			dependencies = (
			);
			name = Logging;
			productName = Logging;
			productReference = DC24AF2A29813E8E009FF94F /* Logging.app */;
			productType = "com.apple.product-type.application";
		};
/* End PBXNativeTarget section */

/* Begin PBXProject section */
		DC24AF2229813E8E009FF94F /* Project object */ = {
			isa = PBXProject;
			attributes = {
				BuildIndependentTargetsInParallel = 1;
				LastSwiftUpdateCheck = 1420;
				LastUpgradeCheck = 1420;
				TargetAttributes = {
					DC24AF2929813E8E009FF94F = {
						CreatedOnToolsVersion = 14.2;
					};
				};
			};
			buildConfigurationList = DC24AF2529813E8E009FF94F /* Build configuration list for PBXProject "Logging" */;
			compatibilityVersion = "Xcode 14.0";
			developmentRegion = en;
			hasScannedForEncodings = 0;
			knownRegions = (
				en,
				Base,
			);
			mainGroup = DC24AF2129813E8E009FF94F;
			productRefGroup = DC24AF2B29813E8E009FF94F /* Products */;
			projectDirPath = "";
			projectRoot = "";
			targets = (
				DC24AF2929813E8E009FF94F /* Logging */,
			);
		};
/* End PBXProject section */

/* Begin PBXResourcesBuildPhase section */
		DC24AF2829813E8E009FF94F /* Resources */ = {
			isa = PBXResourcesBuildPhase;
			buildActionMask = 2147483647;
			files = (
				DC24AF3729813E8F009FF94F /* Assets.xcassets in Resources */,
			);
			runOnlyForDeploymentPostprocessing = 0;
		};
/* End PBXResourcesBuildPhase section */

/* Begin PBXShellScriptBuildPhase section */
		2E93CF6521933A182284431A /* [CP] Check Pods Manifest.lock */ = {
			isa = PBXShellScriptBuildPhase;
			buildActionMask = 2147483647;
			files = (
			);
			inputFileListPaths = (
			);
			inputPaths = (
				"${PODS_PODFILE_DIR_PATH}/Podfile.lock",
				"${PODS_ROOT}/Manifest.lock",
			);
			name = "[CP] Check Pods Manifest.lock";
			outputFileListPaths = (
			);
			outputPaths = (
				"$(DERIVED_FILE_DIR)/Pods-Logging-checkManifestLockResult.txt",
			);
			runOnlyForDeploymentPostprocessing = 0;
			shellPath = /bin/sh;
			shellScript = "diff \"${PODS_PODFILE_DIR_PATH}/Podfile.lock\" \"${PODS_ROOT}/Manifest.lock\" > /dev/null\nif [ $? != 0 ] ; then\n    # print error to STDERR\n    echo \"error: The sandbox is not in sync with the Podfile.lock. Run 'pod install' or update your CocoaPods installation.\" >&2\n    exit 1\nfi\n# This output is used by Xcode 'outputs' to avoid re-running this script phase.\necho \"SUCCESS\" > \"${SCRIPT_OUTPUT_FILE_0}\"\n";
			showEnvVarsInLog = 0;
		};
		CF3D58A4530C704819A9AA39 /* [CP] Embed Pods Frameworks */ = {
			isa = PBXShellScriptBuildPhase;
			buildActionMask = 2147483647;
			files = (
			);
			inputFileListPaths = (
				"${PODS_ROOT}/Target Support Files/Pods-Logging/Pods-Logging-frameworks-${CONFIGURATION}-input-files.xcfilelist",
			);
			name = "[CP] Embed Pods Frameworks";
			outputFileListPaths = (
				"${PODS_ROOT}/Target Support Files/Pods-Logging/Pods-Logging-frameworks-${CONFIGURATION}-output-files.xcfilelist",
			);
			runOnlyForDeploymentPostprocessing = 0;
			shellPath = /bin/sh;
			shellScript = "\"${PODS_ROOT}/Target Support Files/Pods-Logging/Pods-Logging-frameworks.sh\"\n";
			showEnvVarsInLog = 0;
		};
/* End PBXShellScriptBuildPhase section */

/* Begin PBXSourcesBuildPhase section */
		DC24AF2629813E8E009FF94F /* Sources */ = {
			isa = PBXSourcesBuildPhase;
			buildActionMask = 2147483647;
			files = (
				DC0577E029A61F00004495F8 /* EmptyLogTableViewCell.swift in Sources */,
				DCA9018B2990212500B01E26 /* WriteContentViewController.swift in Sources */,
				DCB7C410299E23F8003201C8 /* ContentDataService.swift in Sources */,
				DC639DC0299A352300310C76 /* HomeViewExtension.swift in Sources */,
				DC180AEA2986526A00B72E5F /* LogTableViewHeaderView.swift in Sources */,
				DCA9018929901E0E00B01E26 /* ContentEditor.swift in Sources */,
				DC24AF3229813E8E009FF94F /* HomeViewController.swift in Sources */,
				DC24AF47298258DA009FF94F /* LogTableViewCell.swift in Sources */,
				DC24AF452981400E009FF94F /* Content.swift in Sources */,
				DC24AF2E29813E8E009FF94F /* AppDelegate.swift in Sources */,
				DC24AF3029813E8E009FF94F /* SceneDelegate.swift in Sources */,
				DC639DBE299A344500310C76 /* ContentEditorExtension.swift in Sources */,
				DC639DC2299A37AC00310C76 /* ModifyContentViewController.swift in Sources */,
				DC3076602990CD3A00AC61C4 /* Constants.swift in Sources */,
				DCDF3CE429A3687A0021D93B /* NetworkResult.swift in Sources */,
			);
			runOnlyForDeploymentPostprocessing = 0;
		};
/* End PBXSourcesBuildPhase section */

/* Begin XCBuildConfiguration section */
		DC24AF3C29813E8F009FF94F /* Debug */ = {
			isa = XCBuildConfiguration;
			buildSettings = {
				ALWAYS_SEARCH_USER_PATHS = NO;
				CLANG_ANALYZER_NONNULL = YES;
				CLANG_ANALYZER_NUMBER_OBJECT_CONVERSION = YES_AGGRESSIVE;
				CLANG_CXX_LANGUAGE_STANDARD = "gnu++20";
				CLANG_ENABLE_MODULES = YES;
				CLANG_ENABLE_OBJC_ARC = YES;
				CLANG_ENABLE_OBJC_WEAK = YES;
				CLANG_WARN_BLOCK_CAPTURE_AUTORELEASING = YES;
				CLANG_WARN_BOOL_CONVERSION = YES;
				CLANG_WARN_COMMA = YES;
				CLANG_WARN_CONSTANT_CONVERSION = YES;
				CLANG_WARN_DEPRECATED_OBJC_IMPLEMENTATIONS = YES;
				CLANG_WARN_DIRECT_OBJC_ISA_USAGE = YES_ERROR;
				CLANG_WARN_DOCUMENTATION_COMMENTS = YES;
				CLANG_WARN_EMPTY_BODY = YES;
				CLANG_WARN_ENUM_CONVERSION = YES;
				CLANG_WARN_INFINITE_RECURSION = YES;
				CLANG_WARN_INT_CONVERSION = YES;
				CLANG_WARN_NON_LITERAL_NULL_CONVERSION = YES;
				CLANG_WARN_OBJC_IMPLICIT_RETAIN_SELF = YES;
				CLANG_WARN_OBJC_LITERAL_CONVERSION = YES;
				CLANG_WARN_OBJC_ROOT_CLASS = YES_ERROR;
				CLANG_WARN_QUOTED_INCLUDE_IN_FRAMEWORK_HEADER = YES;
				CLANG_WARN_RANGE_LOOP_ANALYSIS = YES;
				CLANG_WARN_STRICT_PROTOTYPES = YES;
				CLANG_WARN_SUSPICIOUS_MOVE = YES;
				CLANG_WARN_UNGUARDED_AVAILABILITY = YES_AGGRESSIVE;
				CLANG_WARN_UNREACHABLE_CODE = YES;
				CLANG_WARN__DUPLICATE_METHOD_MATCH = YES;
				COPY_PHASE_STRIP = NO;
				DEBUG_INFORMATION_FORMAT = dwarf;
				ENABLE_STRICT_OBJC_MSGSEND = YES;
				ENABLE_TESTABILITY = YES;
				GCC_C_LANGUAGE_STANDARD = gnu11;
				GCC_DYNAMIC_NO_PIC = NO;
				GCC_NO_COMMON_BLOCKS = YES;
				GCC_OPTIMIZATION_LEVEL = 0;
				GCC_PREPROCESSOR_DEFINITIONS = (
					"DEBUG=1",
					"$(inherited)",
				);
				GCC_WARN_64_TO_32_BIT_CONVERSION = YES;
				GCC_WARN_ABOUT_RETURN_TYPE = YES_ERROR;
				GCC_WARN_UNDECLARED_SELECTOR = YES;
				GCC_WARN_UNINITIALIZED_AUTOS = YES_AGGRESSIVE;
				GCC_WARN_UNUSED_FUNCTION = YES;
				GCC_WARN_UNUSED_VARIABLE = YES;
				IPHONEOS_DEPLOYMENT_TARGET = 16.2;
				MTL_ENABLE_DEBUG_INFO = INCLUDE_SOURCE;
				MTL_FAST_MATH = YES;
				ONLY_ACTIVE_ARCH = YES;
				SDKROOT = iphoneos;
				SWIFT_ACTIVE_COMPILATION_CONDITIONS = DEBUG;
				SWIFT_OPTIMIZATION_LEVEL = "-Onone";
			};
			name = Debug;
		};
		DC24AF3D29813E8F009FF94F /* Release */ = {
			isa = XCBuildConfiguration;
			buildSettings = {
				ALWAYS_SEARCH_USER_PATHS = NO;
				CLANG_ANALYZER_NONNULL = YES;
				CLANG_ANALYZER_NUMBER_OBJECT_CONVERSION = YES_AGGRESSIVE;
				CLANG_CXX_LANGUAGE_STANDARD = "gnu++20";
				CLANG_ENABLE_MODULES = YES;
				CLANG_ENABLE_OBJC_ARC = YES;
				CLANG_ENABLE_OBJC_WEAK = YES;
				CLANG_WARN_BLOCK_CAPTURE_AUTORELEASING = YES;
				CLANG_WARN_BOOL_CONVERSION = YES;
				CLANG_WARN_COMMA = YES;
				CLANG_WARN_CONSTANT_CONVERSION = YES;
				CLANG_WARN_DEPRECATED_OBJC_IMPLEMENTATIONS = YES;
				CLANG_WARN_DIRECT_OBJC_ISA_USAGE = YES_ERROR;
				CLANG_WARN_DOCUMENTATION_COMMENTS = YES;
				CLANG_WARN_EMPTY_BODY = YES;
				CLANG_WARN_ENUM_CONVERSION = YES;
				CLANG_WARN_INFINITE_RECURSION = YES;
				CLANG_WARN_INT_CONVERSION = YES;
				CLANG_WARN_NON_LITERAL_NULL_CONVERSION = YES;
				CLANG_WARN_OBJC_IMPLICIT_RETAIN_SELF = YES;
				CLANG_WARN_OBJC_LITERAL_CONVERSION = YES;
				CLANG_WARN_OBJC_ROOT_CLASS = YES_ERROR;
				CLANG_WARN_QUOTED_INCLUDE_IN_FRAMEWORK_HEADER = YES;
				CLANG_WARN_RANGE_LOOP_ANALYSIS = YES;
				CLANG_WARN_STRICT_PROTOTYPES = YES;
				CLANG_WARN_SUSPICIOUS_MOVE = YES;
				CLANG_WARN_UNGUARDED_AVAILABILITY = YES_AGGRESSIVE;
				CLANG_WARN_UNREACHABLE_CODE = YES;
				CLANG_WARN__DUPLICATE_METHOD_MATCH = YES;
				COPY_PHASE_STRIP = NO;
				DEBUG_INFORMATION_FORMAT = "dwarf-with-dsym";
				ENABLE_NS_ASSERTIONS = NO;
				ENABLE_STRICT_OBJC_MSGSEND = YES;
				GCC_C_LANGUAGE_STANDARD = gnu11;
				GCC_NO_COMMON_BLOCKS = YES;
				GCC_WARN_64_TO_32_BIT_CONVERSION = YES;
				GCC_WARN_ABOUT_RETURN_TYPE = YES_ERROR;
				GCC_WARN_UNDECLARED_SELECTOR = YES;
				GCC_WARN_UNINITIALIZED_AUTOS = YES_AGGRESSIVE;
				GCC_WARN_UNUSED_FUNCTION = YES;
				GCC_WARN_UNUSED_VARIABLE = YES;
				IPHONEOS_DEPLOYMENT_TARGET = 16.2;
				MTL_ENABLE_DEBUG_INFO = NO;
				MTL_FAST_MATH = YES;
				SDKROOT = iphoneos;
				SWIFT_COMPILATION_MODE = wholemodule;
				SWIFT_OPTIMIZATION_LEVEL = "-O";
				VALIDATE_PRODUCT = YES;
			};
			name = Release;
		};
		DC24AF3F29813E8F009FF94F /* Debug */ = {
			isa = XCBuildConfiguration;
			baseConfigurationReference = 774DCEDE236994ADAD36A2A1 /* Pods-Logging.debug.xcconfig */;
			buildSettings = {
				ASSETCATALOG_COMPILER_APPICON_NAME = AppIcon;
				ASSETCATALOG_COMPILER_GLOBAL_ACCENT_COLOR_NAME = AccentColor;
				CODE_SIGN_STYLE = Automatic;
				CURRENT_PROJECT_VERSION = 1;
				GENERATE_INFOPLIST_FILE = YES;
				INFOPLIST_FILE = Logging/Info.plist;
				INFOPLIST_KEY_UIApplicationSupportsIndirectInputEvents = YES;
				INFOPLIST_KEY_UILaunchStoryboardName = LaunchScreen;
				INFOPLIST_KEY_UISupportedInterfaceOrientations_iPad = "UIInterfaceOrientationPortrait UIInterfaceOrientationPortraitUpsideDown UIInterfaceOrientationLandscapeLeft UIInterfaceOrientationLandscapeRight";
				INFOPLIST_KEY_UISupportedInterfaceOrientations_iPhone = "UIInterfaceOrientationPortrait UIInterfaceOrientationLandscapeLeft UIInterfaceOrientationLandscapeRight";
				LD_RUNPATH_SEARCH_PATHS = (
					"$(inherited)",
					"@executable_path/Frameworks",
				);
				MARKETING_VERSION = 1.0;
				PRODUCT_BUNDLE_IDENTIFIER = com.yunjikim.Logging;
				PRODUCT_NAME = "$(TARGET_NAME)";
				SWIFT_EMIT_LOC_STRINGS = YES;
				SWIFT_VERSION = 5.0;
				TARGETED_DEVICE_FAMILY = "1,2";
			};
			name = Debug;
		};
		DC24AF4029813E8F009FF94F /* Release */ = {
			isa = XCBuildConfiguration;
			baseConfigurationReference = EF616E92B062D2F5718B2C99 /* Pods-Logging.release.xcconfig */;
			buildSettings = {
				ASSETCATALOG_COMPILER_APPICON_NAME = AppIcon;
				ASSETCATALOG_COMPILER_GLOBAL_ACCENT_COLOR_NAME = AccentColor;
				CODE_SIGN_STYLE = Automatic;
				CURRENT_PROJECT_VERSION = 1;
				GENERATE_INFOPLIST_FILE = YES;
				INFOPLIST_FILE = Logging/Info.plist;
				INFOPLIST_KEY_UIApplicationSupportsIndirectInputEvents = YES;
				INFOPLIST_KEY_UILaunchStoryboardName = LaunchScreen;
				INFOPLIST_KEY_UISupportedInterfaceOrientations_iPad = "UIInterfaceOrientationPortrait UIInterfaceOrientationPortraitUpsideDown UIInterfaceOrientationLandscapeLeft UIInterfaceOrientationLandscapeRight";
				INFOPLIST_KEY_UISupportedInterfaceOrientations_iPhone = "UIInterfaceOrientationPortrait UIInterfaceOrientationLandscapeLeft UIInterfaceOrientationLandscapeRight";
				LD_RUNPATH_SEARCH_PATHS = (
					"$(inherited)",
					"@executable_path/Frameworks",
				);
				MARKETING_VERSION = 1.0;
				PRODUCT_BUNDLE_IDENTIFIER = com.yunjikim.Logging;
				PRODUCT_NAME = "$(TARGET_NAME)";
				SWIFT_EMIT_LOC_STRINGS = YES;
				SWIFT_VERSION = 5.0;
				TARGETED_DEVICE_FAMILY = "1,2";
			};
			name = Release;
		};
/* End XCBuildConfiguration section */

/* Begin XCConfigurationList section */
		DC24AF2529813E8E009FF94F /* Build configuration list for PBXProject "Logging" */ = {
			isa = XCConfigurationList;
			buildConfigurations = (
				DC24AF3C29813E8F009FF94F /* Debug */,
				DC24AF3D29813E8F009FF94F /* Release */,
			);
			defaultConfigurationIsVisible = 0;
			defaultConfigurationName = Release;
		};
		DC24AF3E29813E8F009FF94F /* Build configuration list for PBXNativeTarget "Logging" */ = {
			isa = XCConfigurationList;
			buildConfigurations = (
				DC24AF3F29813E8F009FF94F /* Debug */,
				DC24AF4029813E8F009FF94F /* Release */,
			);
			defaultConfigurationIsVisible = 0;
			defaultConfigurationName = Release;
		};
/* End XCConfigurationList section */
	};
	rootObject = DC24AF2229813E8E009FF94F /* Project object */;
}
